{
  "originHash" : "06d02cd8e4019a876247b25d64b7c0a77b7c8580ed6f8b0cffba16fa1201dab9",
  "pins" : [
    {
      "identity" : "aparoksha",
      "kind" : "remoteSourceControl",
      "location" : "https://git.aparoksha.dev/aparoksha/aparoksha",
      "state" : {
        "branch" : "main",
        "revision" : "357f1890b3b4ce2c84d92175ea997959609d9e54"
      }
    },
    {
      "identity" : "levenshtein-transformations",
      "kind" : "remoteSourceControl",
      "location" : "https://git.aparoksha.dev/aparoksha/levenshtein-transformations",
      "state" : {
        "branch" : "main",
        "revision" : "06577a2c4c6419ed859e34a8fb7be87a3b8975da"
      }
    },
    {
      "identity" : "macbackend",
      "kind" : "remoteSourceControl",
      "location" : "https://git.aparoksha.dev/aparoksha/macbackend",
      "state" : {
        "branch" : "main",
        "revision" : "461f9070c96367df481a17ee2811944202e0b2d2"
      }
    },
    {
      "identity" : "meta",
      "kind" : "remoteSourceControl",
      "location" : "https://git.aparoksha.dev/aparoksha/meta",
      "state" : {
        "branch" : "main",
        "revision" : "f47727df52b1c2b36dec5df1c2bd10dc63e4c7d6"
      }
    },
    {
      "identity" : "meta-sqlite",
      "kind" : "remoteSourceControl",
      "location" : "https://git.aparoksha.dev/aparoksha/meta-sqlite",
      "state" : {
        "branch" : "main",
        "revision" : "6e7940c06a5ac92b10faf5c62b19fb6a02aea59c"
      }
    },
    {
      "identity" : "sqlite.swift",
      "kind" : "remoteSourceControl",
      "location" : "https://github.com/stephencelis/SQLite.swift",
      "state" : {
        "revision" : "964c300fb0736699ce945c9edb56ecd62eba27a3",
        "version" : "0.16.0"
      }
    }
  ],
  "version" : 3
}
